
Microsoft Visual Studio Solution File, Format Version 12.00
# Visual Studio 14
VisualStudioVersion = 14.0.25420.1
MinimumVisualStudioVersion = 10.0.40219.1
Project("{FAE04EC0-301F-11D3-BF4B-00C04F79EFBC}") = "TimeOn", "TimeOn\TimeOn\TimeOn.csproj", "{D4947ADD-1300-47C1-A205-5C9FB794BE78}"
EndProject
Project("{FAE04EC0-301F-11D3-BF4B-00C04F79EFBC}") = "TimeOn.Droid", "TimeOn\TimeOn.Droid\TimeOn.Droid.csproj", "{4FE0FC12-C120-408D-99E5-C702B2FBD895}"
EndProject
Project("{FAE04EC0-301F-11D3-BF4B-00C04F79EFBC}") = "TimeOn.iOS", "TimeOn\TimeOn.iOS\TimeOn.iOS.csproj", "{F6649501-28D4-4527-9E3C-436BC8DBECEB}"
EndProject
Project("{FAE04EC0-301F-11D3-BF4B-00C04F79EFBC}") = "TimeOn.WinPhone", "TimeOn\TimeOn.WinPhone\TimeOn.WinPhone.csproj", "{ED3ED993-ADE8-4782-ABE1-415C59D2C652}"
EndProject
Project("{FAE04EC0-301F-11D3-BF4B-00C04F79EFBC}") = "TimeOn.Windows", "TimeOn\TimeOn.Windows\TimeOn.Windows.csproj", "{2239F43B-C71A-4A73-B6E7-524FF6891A0A}"
EndProject
Global
	GlobalSection(SolutionConfigurationPlatforms) = preSolution
		Ad-Hoc|Any CPU = Ad-Hoc|Any CPU
		Ad-Hoc|ARM = Ad-Hoc|ARM
		Ad-Hoc|iPhone = Ad-Hoc|iPhone
		Ad-Hoc|iPhoneSimulator = Ad-Hoc|iPhoneSimulator
		Ad-Hoc|x64 = Ad-Hoc|x64
		Ad-Hoc|x86 = Ad-Hoc|x86
		AppStore|Any CPU = AppStore|Any CPU
		AppStore|ARM = AppStore|ARM
		AppStore|iPhone = AppStore|iPhone
		AppStore|iPhoneSimulator = AppStore|iPhoneSimulator
		AppStore|x64 = AppStore|x64
		AppStore|x86 = AppStore|x86
		Debug|Any CPU = Debug|Any CPU
		Debug|ARM = Debug|ARM
		Debug|iPhone = Debug|iPhone
		Debug|iPhoneSimulator = Debug|iPhoneSimulator
		Debug|x64 = Debug|x64
		Debug|x86 = Debug|x86
		Release|Any CPU = Release|Any CPU
		Release|ARM = Release|ARM
		Release|iPhone = Release|iPhone
		Release|iPhoneSimulator = Release|iPhoneSimulator
		Release|x64 = Release|x64
		Release|x86 = Release|x86
	EndGlobalSection
	GlobalSection(ProjectConfigurationPlatforms) = postSolution
		{D4947ADD-1300-47C1-A205-5C9FB794BE78}.Ad-Hoc|Any CPU.ActiveCfg = Release|Any CPU
		{D4947ADD-1300-47C1-A205-5C9FB794BE78}.Ad-Hoc|Any CPU.Build.0 = Release|Any CPU
		{D4947ADD-1300-47C1-A205-5C9FB794BE78}.Ad-Hoc|ARM.ActiveCfg = Release|Any CPU
		{D4947ADD-1300-47C1-A205-5C9FB794BE78}.Ad-Hoc|ARM.Build.0 = Release|Any CPU
		{D4947ADD-1300-47C1-A205-5C9FB794BE78}.Ad-Hoc|iPhone.ActiveCfg = Release|Any CPU
		{D4947ADD-1300-47C1-A205-5C9FB794BE78}.Ad-Hoc|iPhone.Build.0 = Release|Any CPU
		{D4947ADD-1300-47C1-A205-5C9FB794BE78}.Ad-Hoc|iPhoneSimulator.ActiveCfg = Release|Any CPU
		{D4947ADD-1300-47C1-A205-5C9FB794BE78}.Ad-Hoc|iPhoneSimulator.Build.0 = Release|Any CPU
		{D4947ADD-1300-47C1-A205-5C9FB794BE78}.Ad-Hoc|x64.ActiveCfg = Release|Any CPU
		{D4947ADD-1300-47C1-A205-5C9FB794BE78}.Ad-Hoc|x64.Build.0 = Release|Any CPU
		{D4947ADD-1300-47C1-A205-5C9FB794BE78}.Ad-Hoc|x86.ActiveCfg = Release|Any CPU
		{D4947ADD-1300-47C1-A205-5C9FB794BE78}.Ad-Hoc|x86.Build.0 = Release|Any CPU
		{D4947ADD-1300-47C1-A205-5C9FB794BE78}.AppStore|Any CPU.ActiveCfg = Release|Any CPU
		{D4947ADD-1300-47C1-A205-5C9FB794BE78}.AppStore|Any CPU.Build.0 = Release|Any CPU
		{D4947ADD-1300-47C1-A205-5C9FB794BE78}.AppStore|ARM.ActiveCfg = Release|Any CPU
		{D4947ADD-1300-47C1-A205-5C9FB794BE78}.AppStore|ARM.Build.0 = Release|Any CPU
		{D4947ADD-1300-47C1-A205-5C9FB794BE78}.AppStore|iPhone.ActiveCfg = Release|Any CPU
		{D4947ADD-1300-47C1-A205-5C9FB794BE78}.AppStore|iPhone.Build.0 = Release|Any CPU
		{D4947ADD-1300-47C1-A205-5C9FB794BE78}.AppStore|iPhoneSimulator.ActiveCfg = Release|Any CPU
		{D4947ADD-1300-47C1-A205-5C9FB794BE78}.AppStore|iPhoneSimulator.Build.0 = Release|Any CPU
		{D4947ADD-1300-47C1-A205-5C9FB794BE78}.AppStore|x64.ActiveCfg = Release|Any CPU
		{D4947ADD-1300-47C1-A205-5C9FB794BE78}.AppStore|x64.Build.0 = Release|Any CPU
		{D4947ADD-1300-47C1-A205-5C9FB794BE78}.AppStore|x86.ActiveCfg = Release|Any CPU
		{D4947ADD-1300-47C1-A205-5C9FB794BE78}.AppStore|x86.Build.0 = Release|Any CPU
		{D4947ADD-1300-47C1-A205-5C9FB794BE78}.Debug|Any CPU.ActiveCfg = Debug|Any CPU
		{D4947ADD-1300-47C1-A205-5C9FB794BE78}.Debug|Any CPU.Build.0 = Debug|Any CPU
		{D4947ADD-1300-47C1-A205-5C9FB794BE78}.Debug|ARM.ActiveCfg = Debug|Any CPU
		{D4947ADD-1300-47C1-A205-5C9FB794BE78}.Debug|ARM.Build.0 = Debug|Any CPU
		{D4947ADD-1300-47C1-A205-5C9FB794BE78}.Debug|iPhone.ActiveCfg = Debug|Any CPU
		{D4947ADD-1300-47C1-A205-5C9FB794BE78}.Debug|iPhone.Build.0 = Debug|Any CPU
		{D4947ADD-1300-47C1-A205-5C9FB794BE78}.Debug|iPhoneSimulator.ActiveCfg = Debug|Any CPU
		{D4947ADD-1300-47C1-A205-5C9FB794BE78}.Debug|iPhoneSimulator.Build.0 = Debug|Any CPU
		{D4947ADD-1300-47C1-A205-5C9FB794BE78}.Debug|x64.ActiveCfg = Debug|Any CPU
		{D4947ADD-1300-47C1-A205-5C9FB794BE78}.Debug|x64.Build.0 = Debug|Any CPU
		{D4947ADD-1300-47C1-A205-5C9FB794BE78}.Debug|x86.ActiveCfg = Debug|Any CPU
		{D4947ADD-1300-47C1-A205-5C9FB794BE78}.Debug|x86.Build.0 = Debug|Any CPU
		{D4947ADD-1300-47C1-A205-5C9FB794BE78}.Release|Any CPU.ActiveCfg = Release|Any CPU
		{D4947ADD-1300-47C1-A205-5C9FB794BE78}.Release|Any CPU.Build.0 = Release|Any CPU
		{D4947ADD-1300-47C1-A205-5C9FB794BE78}.Release|ARM.ActiveCfg = Release|Any CPU
		{D4947ADD-1300-47C1-A205-5C9FB794BE78}.Release|ARM.Build.0 = Release|Any CPU
		{D4947ADD-1300-47C1-A205-5C9FB794BE78}.Release|iPhone.ActiveCfg = Release|Any CPU
		{D4947ADD-1300-47C1-A205-5C9FB794BE78}.Release|iPhone.Build.0 = Release|Any CPU
		{D4947ADD-1300-47C1-A205-5C9FB794BE78}.Release|iPhoneSimulator.ActiveCfg = Release|Any CPU
		{D4947ADD-1300-47C1-A205-5C9FB794BE78}.Release|iPhoneSimulator.Build.0 = Release|Any CPU
		{D4947ADD-1300-47C1-A205-5C9FB794BE78}.Release|x64.ActiveCfg = Release|Any CPU
		{D4947ADD-1300-47C1-A205-5C9FB794BE78}.Release|x64.Build.0 = Release|Any CPU
		{D4947ADD-1300-47C1-A205-5C9FB794BE78}.Release|x86.ActiveCfg = Release|Any CPU
		{D4947ADD-1300-47C1-A205-5C9FB794BE78}.Release|x86.Build.0 = Release|Any CPU
		{4FE0FC12-C120-408D-99E5-C702B2FBD895}.Ad-Hoc|Any CPU.ActiveCfg = Release|Any CPU
		{4FE0FC12-C120-408D-99E5-C702B2FBD895}.Ad-Hoc|Any CPU.Build.0 = Release|Any CPU
		{4FE0FC12-C120-408D-99E5-C702B2FBD895}.Ad-Hoc|Any CPU.Deploy.0 = Release|Any CPU
		{4FE0FC12-C120-408D-99E5-C702B2FBD895}.Ad-Hoc|ARM.ActiveCfg = Release|Any CPU
		{4FE0FC12-C120-408D-99E5-C702B2FBD895}.Ad-Hoc|ARM.Build.0 = Release|Any CPU
		{4FE0FC12-C120-408D-99E5-C702B2FBD895}.Ad-Hoc|ARM.Deploy.0 = Release|Any CPU
		{4FE0FC12-C120-408D-99E5-C702B2FBD895}.Ad-Hoc|iPhone.ActiveCfg = Release|Any CPU
		{4FE0FC12-C120-408D-99E5-C702B2FBD895}.Ad-Hoc|iPhone.Build.0 = Release|Any CPU
		{4FE0FC12-C120-408D-99E5-C702B2FBD895}.Ad-Hoc|iPhone.Deploy.0 = Release|Any CPU
		{4FE0FC12-C120-408D-99E5-C702B2FBD895}.Ad-Hoc|iPhoneSimulator.ActiveCfg = Release|Any CPU
		{4FE0FC12-C120-408D-99E5-C702B2FBD895}.Ad-Hoc|iPhoneSimulator.Build.0 = Release|Any CPU
		{4FE0FC12-C120-408D-99E5-C702B2FBD895}.Ad-Hoc|iPhoneSimulator.Deploy.0 = Release|Any CPU
		{4FE0FC12-C120-408D-99E5-C702B2FBD895}.Ad-Hoc|x64.ActiveCfg = Release|Any CPU
		{4FE0FC12-C120-408D-99E5-C702B2FBD895}.Ad-Hoc|x64.Build.0 = Release|Any CPU
		{4FE0FC12-C120-408D-99E5-C702B2FBD895}.Ad-Hoc|x64.Deploy.0 = Release|Any CPU
		{4FE0FC12-C120-408D-99E5-C702B2FBD895}.Ad-Hoc|x86.ActiveCfg = Release|Any CPU
		{4FE0FC12-C120-408D-99E5-C702B2FBD895}.Ad-Hoc|x86.Build.0 = Release|Any CPU
		{4FE0FC12-C120-408D-99E5-C702B2FBD895}.Ad-Hoc|x86.Deploy.0 = Release|Any CPU
		{4FE0FC12-C120-408D-99E5-C702B2FBD895}.AppStore|Any CPU.ActiveCfg = Release|Any CPU
		{4FE0FC12-C120-408D-99E5-C702B2FBD895}.AppStore|Any CPU.Build.0 = Release|Any CPU
		{4FE0FC12-C120-408D-99E5-C702B2FBD895}.AppStore|Any CPU.Deploy.0 = Release|Any CPU
		{4FE0FC12-C120-408D-99E5-C702B2FBD895}.AppStore|ARM.ActiveCfg = Release|Any CPU
		{4FE0FC12-C120-408D-99E5-C702B2FBD895}.AppStore|ARM.Build.0 = Release|Any CPU
		{4FE0FC12-C120-408D-99E5-C702B2FBD895}.AppStore|ARM.Deploy.0 = Release|Any CPU
		{4FE0FC12-C120-408D-99E5-C702B2FBD895}.AppStore|iPhone.ActiveCfg = Release|Any CPU
		{4FE0FC12-C120-408D-99E5-C702B2FBD895}.AppStore|iPhone.Build.0 = Release|Any CPU
		{4FE0FC12-C120-408D-99E5-C702B2FBD895}.AppStore|iPhone.Deploy.0 = Release|Any CPU
		{4FE0FC12-C120-408D-99E5-C702B2FBD895}.AppStore|iPhoneSimulator.ActiveCfg = Release|Any CPU
		{4FE0FC12-C120-408D-99E5-C702B2FBD895}.AppStore|iPhoneSimulator.Build.0 = Release|Any CPU
		{4FE0FC12-C120-408D-99E5-C702B2FBD895}.AppStore|iPhoneSimulator.Deploy.0 = Release|Any CPU
		{4FE0FC12-C120-408D-99E5-C702B2FBD895}.AppStore|x64.ActiveCfg = Release|Any CPU
		{4FE0FC12-C120-408D-99E5-C702B2FBD895}.AppStore|x64.Build.0 = Release|Any CPU
		{4FE0FC12-C120-408D-99E5-C702B2FBD895}.AppStore|x64.Deploy.0 = Release|Any CPU
		{4FE0FC12-C120-408D-99E5-C702B2FBD895}.AppStore|x86.ActiveCfg = Release|Any CPU
		{4FE0FC12-C120-408D-99E5-C702B2FBD895}.AppStore|x86.Build.0 = Release|Any CPU
		{4FE0FC12-C120-408D-99E5-C702B2FBD895}.AppStore|x86.Deploy.0 = Release|Any CPU
		{4FE0FC12-C120-408D-99E5-C702B2FBD895}.Debug|Any CPU.ActiveCfg = Debug|Any CPU
		{4FE0FC12-C120-408D-99E5-C702B2FBD895}.Debug|Any CPU.Build.0 = Debug|Any CPU
		{4FE0FC12-C120-408D-99E5-C702B2FBD895}.Debug|Any CPU.Deploy.0 = Debug|Any CPU
		{4FE0FC12-C120-408D-99E5-C702B2FBD895}.Debug|ARM.ActiveCfg = Debug|Any CPU
		{4FE0FC12-C120-408D-99E5-C702B2FBD895}.Debug|ARM.Build.0 = Debug|Any CPU
		{4FE0FC12-C120-408D-99E5-C702B2FBD895}.Debug|ARM.Deploy.0 = Debug|Any CPU
		{4FE0FC12-C120-408D-99E5-C702B2FBD895}.Debug|iPhone.ActiveCfg = Debug|Any CPU
		{4FE0FC12-C120-408D-99E5-C702B2FBD895}.Debug|iPhone.Build.0 = Debug|Any CPU
		{4FE0FC12-C120-408D-99E5-C702B2FBD895}.Debug|iPhone.Deploy.0 = Debug|Any CPU
		{4FE0FC12-C120-408D-99E5-C702B2FBD895}.Debug|iPhoneSimulator.ActiveCfg = Debug|Any CPU
		{4FE0FC12-C120-408D-99E5-C702B2FBD895}.Debug|iPhoneSimulator.Build.0 = Debug|Any CPU
		{4FE0FC12-C120-408D-99E5-C702B2FBD895}.Debug|iPhoneSimulator.Deploy.0 = Debug|Any CPU
		{4FE0FC12-C120-408D-99E5-C702B2FBD895}.Debug|x64.ActiveCfg = Debug|Any CPU
		{4FE0FC12-C120-408D-99E5-C702B2FBD895}.Debug|x64.Build.0 = Debug|Any CPU
		{4FE0FC12-C120-408D-99E5-C702B2FBD895}.Debug|x64.Deploy.0 = Debug|Any CPU
		{4FE0FC12-C120-408D-99E5-C702B2FBD895}.Debug|x86.ActiveCfg = Debug|Any CPU
		{4FE0FC12-C120-408D-99E5-C702B2FBD895}.Debug|x86.Build.0 = Debug|Any CPU
		{4FE0FC12-C120-408D-99E5-C702B2FBD895}.Debug|x86.Deploy.0 = Debug|Any CPU
		{4FE0FC12-C120-408D-99E5-C702B2FBD895}.Release|Any CPU.ActiveCfg = Release|Any CPU
		{4FE0FC12-C120-408D-99E5-C702B2FBD895}.Release|Any CPU.Build.0 = Release|Any CPU
		{4FE0FC12-C120-408D-99E5-C702B2FBD895}.Release|Any CPU.Deploy.0 = Release|Any CPU
		{4FE0FC12-C120-408D-99E5-C702B2FBD895}.Release|ARM.ActiveCfg = Release|Any CPU
		{4FE0FC12-C120-408D-99E5-C702B2FBD895}.Release|ARM.Build.0 = Release|Any CPU
		{4FE0FC12-C120-408D-99E5-C702B2FBD895}.Release|ARM.Deploy.0 = Release|Any CPU
		{4FE0FC12-C120-408D-99E5-C702B2FBD895}.Release|iPhone.ActiveCfg = Release|Any CPU
		{4FE0FC12-C120-408D-99E5-C702B2FBD895}.Release|iPhone.Build.0 = Release|Any CPU
		{4FE0FC12-C120-408D-99E5-C702B2FBD895}.Release|iPhone.Deploy.0 = Release|Any CPU
		{4FE0FC12-C120-408D-99E5-C702B2FBD895}.Release|iPhoneSimulator.ActiveCfg = Release|Any CPU
		{4FE0FC12-C120-408D-99E5-C702B2FBD895}.Release|iPhoneSimulator.Build.0 = Release|Any CPU
		{4FE0FC12-C120-408D-99E5-C702B2FBD895}.Release|iPhoneSimulator.Deploy.0 = Release|Any CPU
		{4FE0FC12-C120-408D-99E5-C702B2FBD895}.Release|x64.ActiveCfg = Release|Any CPU
		{4FE0FC12-C120-408D-99E5-C702B2FBD895}.Release|x64.Build.0 = Release|Any CPU
		{4FE0FC12-C120-408D-99E5-C702B2FBD895}.Release|x64.Deploy.0 = Release|Any CPU
		{4FE0FC12-C120-408D-99E5-C702B2FBD895}.Release|x86.ActiveCfg = Release|Any CPU
		{4FE0FC12-C120-408D-99E5-C702B2FBD895}.Release|x86.Build.0 = Release|Any CPU
		{4FE0FC12-C120-408D-99E5-C702B2FBD895}.Release|x86.Deploy.0 = Release|Any CPU
		{F6649501-28D4-4527-9E3C-436BC8DBECEB}.Ad-Hoc|Any CPU.ActiveCfg = Ad-Hoc|iPhone
		{F6649501-28D4-4527-9E3C-436BC8DBECEB}.Ad-Hoc|ARM.ActiveCfg = Ad-Hoc|iPhone
		{F6649501-28D4-4527-9E3C-436BC8DBECEB}.Ad-Hoc|iPhone.ActiveCfg = Ad-Hoc|iPhone
		{F6649501-28D4-4527-9E3C-436BC8DBECEB}.Ad-Hoc|iPhone.Build.0 = Ad-Hoc|iPhone
		{F6649501-28D4-4527-9E3C-436BC8DBECEB}.Ad-Hoc|iPhoneSimulator.ActiveCfg = Ad-Hoc|iPhoneSimulator
		{F6649501-28D4-4527-9E3C-436BC8DBECEB}.Ad-Hoc|iPhoneSimulator.Build.0 = Ad-Hoc|iPhoneSimulator
		{F6649501-28D4-4527-9E3C-436BC8DBECEB}.Ad-Hoc|x64.ActiveCfg = Ad-Hoc|iPhone
		{F6649501-28D4-4527-9E3C-436BC8DBECEB}.Ad-Hoc|x86.ActiveCfg = Ad-Hoc|iPhone
		{F6649501-28D4-4527-9E3C-436BC8DBECEB}.AppStore|Any CPU.ActiveCfg = AppStore|iPhone
		{F6649501-28D4-4527-9E3C-436BC8DBECEB}.AppStore|ARM.ActiveCfg = AppStore|iPhone
		{F6649501-28D4-4527-9E3C-436BC8DBECEB}.AppStore|iPhone.ActiveCfg = AppStore|iPhone
		{F6649501-28D4-4527-9E3C-436BC8DBECEB}.AppStore|iPhone.Build.0 = AppStore|iPhone
		{F6649501-28D4-4527-9E3C-436BC8DBECEB}.AppStore|iPhoneSimulator.ActiveCfg = AppStore|iPhoneSimulator
		{F6649501-28D4-4527-9E3C-436BC8DBECEB}.AppStore|iPhoneSimulator.Build.0 = AppStore|iPhoneSimulator
		{F6649501-28D4-4527-9E3C-436BC8DBECEB}.AppStore|x64.ActiveCfg = AppStore|iPhone
		{F6649501-28D4-4527-9E3C-436BC8DBECEB}.AppStore|x86.ActiveCfg = AppStore|iPhone
		{F6649501-28D4-4527-9E3C-436BC8DBECEB}.Debug|Any CPU.ActiveCfg = Debug|iPhone
		{F6649501-28D4-4527-9E3C-436BC8DBECEB}.Debug|ARM.ActiveCfg = Debug|iPhone
		{F6649501-28D4-4527-9E3C-436BC8DBECEB}.Debug|iPhone.ActiveCfg = Debug|iPhone
		{F6649501-28D4-4527-9E3C-436BC8DBECEB}.Debug|iPhone.Build.0 = Debug|iPhone
		{F6649501-28D4-4527-9E3C-436BC8DBECEB}.Debug|iPhoneSimulator.ActiveCfg = Debug|iPhoneSimulator
		{F6649501-28D4-4527-9E3C-436BC8DBECEB}.Debug|iPhoneSimulator.Build.0 = Debug|iPhoneSimulator
		{F6649501-28D4-4527-9E3C-436BC8DBECEB}.Debug|x64.ActiveCfg = Debug|iPhone
		{F6649501-28D4-4527-9E3C-436BC8DBECEB}.Debug|x86.ActiveCfg = Debug|iPhone
		{F6649501-28D4-4527-9E3C-436BC8DBECEB}.Release|Any CPU.ActiveCfg = Release|iPhone
		{F6649501-28D4-4527-9E3C-436BC8DBECEB}.Release|ARM.ActiveCfg = Release|iPhone
		{F6649501-28D4-4527-9E3C-436BC8DBECEB}.Release|iPhone.ActiveCfg = Release|iPhone
		{F6649501-28D4-4527-9E3C-436BC8DBECEB}.Release|iPhone.Build.0 = Release|iPhone
		{F6649501-28D4-4527-9E3C-436BC8DBECEB}.Release|iPhoneSimulator.ActiveCfg = Release|iPhoneSimulator
		{F6649501-28D4-4527-9E3C-436BC8DBECEB}.Release|iPhoneSimulator.Build.0 = Release|iPhoneSimulator
		{F6649501-28D4-4527-9E3C-436BC8DBECEB}.Release|x64.ActiveCfg = Release|iPhone
		{F6649501-28D4-4527-9E3C-436BC8DBECEB}.Release|x86.ActiveCfg = Release|iPhone
		{ED3ED993-ADE8-4782-ABE1-415C59D2C652}.Ad-Hoc|Any CPU.ActiveCfg = Release|Any CPU
		{ED3ED993-ADE8-4782-ABE1-415C59D2C652}.Ad-Hoc|Any CPU.Build.0 = Release|Any CPU
		{ED3ED993-ADE8-4782-ABE1-415C59D2C652}.Ad-Hoc|Any CPU.Deploy.0 = Release|Any CPU
		{ED3ED993-ADE8-4782-ABE1-415C59D2C652}.Ad-Hoc|ARM.ActiveCfg = Release|ARM
		{ED3ED993-ADE8-4782-ABE1-415C59D2C652}.Ad-Hoc|ARM.Build.0 = Release|ARM
		{ED3ED993-ADE8-4782-ABE1-415C59D2C652}.Ad-Hoc|ARM.Deploy.0 = Release|ARM
		{ED3ED993-ADE8-4782-ABE1-415C59D2C652}.Ad-Hoc|iPhone.ActiveCfg = Release|Any CPU
		{ED3ED993-ADE8-4782-ABE1-415C59D2C652}.Ad-Hoc|iPhone.Build.0 = Release|Any CPU
		{ED3ED993-ADE8-4782-ABE1-415C59D2C652}.Ad-Hoc|iPhone.Deploy.0 = Release|Any CPU
		{ED3ED993-ADE8-4782-ABE1-415C59D2C652}.Ad-Hoc|iPhoneSimulator.ActiveCfg = Release|Any CPU
		{ED3ED993-ADE8-4782-ABE1-415C59D2C652}.Ad-Hoc|iPhoneSimulator.Build.0 = Release|Any CPU
		{ED3ED993-ADE8-4782-ABE1-415C59D2C652}.Ad-Hoc|iPhoneSimulator.Deploy.0 = Release|Any CPU
		{ED3ED993-ADE8-4782-ABE1-415C59D2C652}.Ad-Hoc|x64.ActiveCfg = Release|Any CPU
		{ED3ED993-ADE8-4782-ABE1-415C59D2C652}.Ad-Hoc|x64.Build.0 = Release|Any CPU
		{ED3ED993-ADE8-4782-ABE1-415C59D2C652}.Ad-Hoc|x64.Deploy.0 = Release|Any CPU
		{ED3ED993-ADE8-4782-ABE1-415C59D2C652}.Ad-Hoc|x86.ActiveCfg = Release|x86
		{ED3ED993-ADE8-4782-ABE1-415C59D2C652}.Ad-Hoc|x86.Build.0 = Release|x86
		{ED3ED993-ADE8-4782-ABE1-415C59D2C652}.Ad-Hoc|x86.Deploy.0 = Release|x86
		{ED3ED993-ADE8-4782-ABE1-415C59D2C652}.AppStore|Any CPU.ActiveCfg = Release|Any CPU
		{ED3ED993-ADE8-4782-ABE1-415C59D2C652}.AppStore|Any CPU.Build.0 = Release|Any CPU
		{ED3ED993-ADE8-4782-ABE1-415C59D2C652}.AppStore|Any CPU.Deploy.0 = Release|Any CPU
		{ED3ED993-ADE8-4782-ABE1-415C59D2C652}.AppStore|ARM.ActiveCfg = Release|ARM
		{ED3ED993-ADE8-4782-ABE1-415C59D2C652}.AppStore|ARM.Build.0 = Release|ARM
		{ED3ED993-ADE8-4782-ABE1-415C59D2C652}.AppStore|ARM.Deploy.0 = Release|ARM
		{ED3ED993-ADE8-4782-ABE1-415C59D2C652}.AppStore|iPhone.ActiveCfg = Release|Any CPU
		{ED3ED993-ADE8-4782-ABE1-415C59D2C652}.AppStore|iPhone.Build.0 = Release|Any CPU
		{ED3ED993-ADE8-4782-ABE1-415C59D2C652}.AppStore|iPhone.Deploy.0 = Release|Any CPU
		{ED3ED993-ADE8-4782-ABE1-415C59D2C652}.AppStore|iPhoneSimulator.ActiveCfg = Release|Any CPU
		{ED3ED993-ADE8-4782-ABE1-415C59D2C652}.AppStore|iPhoneSimulator.Build.0 = Release|Any CPU
		{ED3ED993-ADE8-4782-ABE1-415C59D2C652}.AppStore|iPhoneSimulator.Deploy.0 = Release|Any CPU
		{ED3ED993-ADE8-4782-ABE1-415C59D2C652}.AppStore|x64.ActiveCfg = Release|Any CPU
		{ED3ED993-ADE8-4782-ABE1-415C59D2C652}.AppStore|x64.Build.0 = Release|Any CPU
		{ED3ED993-ADE8-4782-ABE1-415C59D2C652}.AppStore|x64.Deploy.0 = Release|Any CPU
		{ED3ED993-ADE8-4782-ABE1-415C59D2C652}.AppStore|x86.ActiveCfg = Release|x86
		{ED3ED993-ADE8-4782-ABE1-415C59D2C652}.AppStore|x86.Build.0 = Release|x86
		{ED3ED993-ADE8-4782-ABE1-415C59D2C652}.AppStore|x86.Deploy.0 = Release|x86
		{ED3ED993-ADE8-4782-ABE1-415C59D2C652}.Debug|Any CPU.ActiveCfg = Debug|Any CPU
		{ED3ED993-ADE8-4782-ABE1-415C59D2C652}.Debug|Any CPU.Build.0 = Debug|Any CPU
		{ED3ED993-ADE8-4782-ABE1-415C59D2C652}.Debug|Any CPU.Deploy.0 = Debug|Any CPU
		{ED3ED993-ADE8-4782-ABE1-415C59D2C652}.Debug|ARM.ActiveCfg = Debug|ARM
		{ED3ED993-ADE8-4782-ABE1-415C59D2C652}.Debug|ARM.Build.0 = Debug|ARM
		{ED3ED993-ADE8-4782-ABE1-415C59D2C652}.Debug|ARM.Deploy.0 = Debug|ARM
		{ED3ED993-ADE8-4782-ABE1-415C59D2C652}.Debug|iPhone.ActiveCfg = Debug|Any CPU
		{ED3ED993-ADE8-4782-ABE1-415C59D2C652}.Debug|iPhone.Build.0 = Debug|Any CPU
		{ED3ED993-ADE8-4782-ABE1-415C59D2C652}.Debug|iPhone.Deploy.0 = Debug|Any CPU
		{ED3ED993-ADE8-4782-ABE1-415C59D2C652}.Debug|iPhoneSimulator.ActiveCfg = Debug|Any CPU
		{ED3ED993-ADE8-4782-ABE1-415C59D2C652}.Debug|iPhoneSimulator.Build.0 = Debug|Any CPU
		{ED3ED993-ADE8-4782-ABE1-415C59D2C652}.Debug|iPhoneSimulator.Deploy.0 = Debug|Any CPU
		{ED3ED993-ADE8-4782-ABE1-415C59D2C652}.Debug|x64.ActiveCfg = Debug|Any CPU
		{ED3ED993-ADE8-4782-ABE1-415C59D2C652}.Debug|x64.Build.0 = Debug|Any CPU
		{ED3ED993-ADE8-4782-ABE1-415C59D2C652}.Debug|x64.Deploy.0 = Debug|Any CPU
		{ED3ED993-ADE8-4782-ABE1-415C59D2C652}.Debug|x86.ActiveCfg = Debug|x86
		{ED3ED993-ADE8-4782-ABE1-415C59D2C652}.Debug|x86.Build.0 = Debug|x86
		{ED3ED993-ADE8-4782-ABE1-415C59D2C652}.Debug|x86.Deploy.0 = Debug|x86
		{ED3ED993-ADE8-4782-ABE1-415C59D2C652}.Release|Any CPU.ActiveCfg = Release|Any CPU
		{ED3ED993-ADE8-4782-ABE1-415C59D2C652}.Release|Any CPU.Build.0 = Release|Any CPU
		{ED3ED993-ADE8-4782-ABE1-415C59D2C652}.Release|Any CPU.Deploy.0 = Release|Any CPU
		{ED3ED993-ADE8-4782-ABE1-415C59D2C652}.Release|ARM.ActiveCfg = Release|ARM
		{ED3ED993-ADE8-4782-ABE1-415C59D2C652}.Release|ARM.Build.0 = Release|ARM
		{ED3ED993-ADE8-4782-ABE1-415C59D2C652}.Release|ARM.Deploy.0 = Release|ARM
		{ED3ED993-ADE8-4782-ABE1-415C59D2C652}.Release|iPhone.ActiveCfg = Release|Any CPU
		{ED3ED993-ADE8-4782-ABE1-415C59D2C652}.Release|iPhone.Build.0 = Release|Any CPU
		{ED3ED993-ADE8-4782-ABE1-415C59D2C652}.Release|iPhone.Deploy.0 = Release|Any CPU
		{ED3ED993-ADE8-4782-ABE1-415C59D2C652}.Release|iPhoneSimulator.ActiveCfg = Release|Any CPU
		{ED3ED993-ADE8-4782-ABE1-415C59D2C652}.Release|iPhoneSimulator.Build.0 = Release|Any CPU
		{ED3ED993-ADE8-4782-ABE1-415C59D2C652}.Release|iPhoneSimulator.Deploy.0 = Release|Any CPU
		{ED3ED993-ADE8-4782-ABE1-415C59D2C652}.Release|x64.ActiveCfg = Release|Any CPU
		{ED3ED993-ADE8-4782-ABE1-415C59D2C652}.Release|x64.Build.0 = Release|Any CPU
		{ED3ED993-ADE8-4782-ABE1-415C59D2C652}.Release|x64.Deploy.0 = Release|Any CPU
		{ED3ED993-ADE8-4782-ABE1-415C59D2C652}.Release|x86.ActiveCfg = Release|x86
		{ED3ED993-ADE8-4782-ABE1-415C59D2C652}.Release|x86.Build.0 = Release|x86
		{ED3ED993-ADE8-4782-ABE1-415C59D2C652}.Release|x86.Deploy.0 = Release|x86
		{2239F43B-C71A-4A73-B6E7-524FF6891A0A}.Ad-Hoc|Any CPU.ActiveCfg = Release|Any CPU
		{2239F43B-C71A-4A73-B6E7-524FF6891A0A}.Ad-Hoc|Any CPU.Build.0 = Release|Any CPU
		{2239F43B-C71A-4A73-B6E7-524FF6891A0A}.Ad-Hoc|Any CPU.Deploy.0 = Release|Any CPU
		{2239F43B-C71A-4A73-B6E7-524FF6891A0A}.Ad-Hoc|ARM.ActiveCfg = Release|ARM
		{2239F43B-C71A-4A73-B6E7-524FF6891A0A}.Ad-Hoc|ARM.Build.0 = Release|ARM
		{2239F43B-C71A-4A73-B6E7-524FF6891A0A}.Ad-Hoc|ARM.Deploy.0 = Release|ARM
		{2239F43B-C71A-4A73-B6E7-524FF6891A0A}.Ad-Hoc|iPhone.ActiveCfg = Release|Any CPU
		{2239F43B-C71A-4A73-B6E7-524FF6891A0A}.Ad-Hoc|iPhone.Build.0 = Release|Any CPU
		{2239F43B-C71A-4A73-B6E7-524FF6891A0A}.Ad-Hoc|iPhone.Deploy.0 = Release|Any CPU
		{2239F43B-C71A-4A73-B6E7-524FF6891A0A}.Ad-Hoc|iPhoneSimulator.ActiveCfg = Release|Any CPU
		{2239F43B-C71A-4A73-B6E7-524FF6891A0A}.Ad-Hoc|iPhoneSimulator.Build.0 = Release|Any CPU
		{2239F43B-C71A-4A73-B6E7-524FF6891A0A}.Ad-Hoc|iPhoneSimulator.Deploy.0 = Release|Any CPU
		{2239F43B-C71A-4A73-B6E7-524FF6891A0A}.Ad-Hoc|x64.ActiveCfg = Release|x64
		{2239F43B-C71A-4A73-B6E7-524FF6891A0A}.Ad-Hoc|x64.Build.0 = Release|x64
		{2239F43B-C71A-4A73-B6E7-524FF6891A0A}.Ad-Hoc|x64.Deploy.0 = Release|x64
		{2239F43B-C71A-4A73-B6E7-524FF6891A0A}.Ad-Hoc|x86.ActiveCfg = Release|x86
		{2239F43B-C71A-4A73-B6E7-524FF6891A0A}.Ad-Hoc|x86.Build.0 = Release|x86
		{2239F43B-C71A-4A73-B6E7-524FF6891A0A}.Ad-Hoc|x86.Deploy.0 = Release|x86
		{2239F43B-C71A-4A73-B6E7-524FF6891A0A}.AppStore|Any CPU.ActiveCfg = Release|Any CPU
		{2239F43B-C71A-4A73-B6E7-524FF6891A0A}.AppStore|Any CPU.Build.0 = Release|Any CPU
		{2239F43B-C71A-4A73-B6E7-524FF6891A0A}.AppStore|Any CPU.Deploy.0 = Release|Any CPU
		{2239F43B-C71A-4A73-B6E7-524FF6891A0A}.AppStore|ARM.ActiveCfg = Release|ARM
		{2239F43B-C71A-4A73-B6E7-524FF6891A0A}.AppStore|ARM.Build.0 = Release|ARM
		{2239F43B-C71A-4A73-B6E7-524FF6891A0A}.AppStore|ARM.Deploy.0 = Release|ARM
		{2239F43B-C71A-4A73-B6E7-524FF6891A0A}.AppStore|iPhone.ActiveCfg = Release|Any CPU
		{2239F43B-C71A-4A73-B6E7-524FF6891A0A}.AppStore|iPhone.Build.0 = Release|Any CPU
		{2239F43B-C71A-4A73-B6E7-524FF6891A0A}.AppStore|iPhone.Deploy.0 = Release|Any CPU
		{2239F43B-C71A-4A73-B6E7-524FF6891A0A}.AppStore|iPhoneSimulator.ActiveCfg = Release|Any CPU
		{2239F43B-C71A-4A73-B6E7-524FF6891A0A}.AppStore|iPhoneSimulator.Build.0 = Release|Any CPU
		{2239F43B-C71A-4A73-B6E7-524FF6891A0A}.AppStore|iPhoneSimulator.Deploy.0 = Release|Any CPU
		{2239F43B-C71A-4A73-B6E7-524FF6891A0A}.AppStore|x64.ActiveCfg = Release|x64
		{2239F43B-C71A-4A73-B6E7-524FF6891A0A}.AppStore|x64.Build.0 = Release|x64
		{2239F43B-C71A-4A73-B6E7-524FF6891A0A}.AppStore|x64.Deploy.0 = Release|x64
		{2239F43B-C71A-4A73-B6E7-524FF6891A0A}.AppStore|x86.ActiveCfg = Release|x86
		{2239F43B-C71A-4A73-B6E7-524FF6891A0A}.AppStore|x86.Build.0 = Release|x86
		{2239F43B-C71A-4A73-B6E7-524FF6891A0A}.AppStore|x86.Deploy.0 = Release|x86
		{2239F43B-C71A-4A73-B6E7-524FF6891A0A}.Debug|Any CPU.ActiveCfg = Debug|Any CPU
		{2239F43B-C71A-4A73-B6E7-524FF6891A0A}.Debug|Any CPU.Build.0 = Debug|Any CPU
		{2239F43B-C71A-4A73-B6E7-524FF6891A0A}.Debug|Any CPU.Deploy.0 = Debug|Any CPU
		{2239F43B-C71A-4A73-B6E7-524FF6891A0A}.Debug|ARM.ActiveCfg = Debug|ARM
		{2239F43B-C71A-4A73-B6E7-524FF6891A0A}.Debug|ARM.Build.0 = Debug|ARM
		{2239F43B-C71A-4A73-B6E7-524FF6891A0A}.Debug|ARM.Deploy.0 = Debug|ARM
		{2239F43B-C71A-4A73-B6E7-524FF6891A0A}.Debug|iPhone.ActiveCfg = Debug|Any CPU
		{2239F43B-C71A-4A73-B6E7-524FF6891A0A}.Debug|iPhone.Build.0 = Debug|Any CPU
		{2239F43B-C71A-4A73-B6E7-524FF6891A0A}.Debug|iPhone.Deploy.0 = Debug|Any CPU
		{2239F43B-C71A-4A73-B6E7-524FF6891A0A}.Debug|iPhoneSimulator.ActiveCfg = Debug|Any CPU
		{2239F43B-C71A-4A73-B6E7-524FF6891A0A}.Debug|iPhoneSimulator.Build.0 = Debug|Any CPU
		{2239F43B-C71A-4A73-B6E7-524FF6891A0A}.Debug|iPhoneSimulator.Deploy.0 = Debug|Any CPU
		{2239F43B-C71A-4A73-B6E7-524FF6891A0A}.Debug|x64.ActiveCfg = Debug|x64
		{2239F43B-C71A-4A73-B6E7-524FF6891A0A}.Debug|x64.Build.0 = Debug|x64
		{2239F43B-C71A-4A73-B6E7-524FF6891A0A}.Debug|x64.Deploy.0 = Debug|x64
		{2239F43B-C71A-4A73-B6E7-524FF6891A0A}.Debug|x86.ActiveCfg = Debug|x86
		{2239F43B-C71A-4A73-B6E7-524FF6891A0A}.Debug|x86.Build.0 = Debug|x86
		{2239F43B-C71A-4A73-B6E7-524FF6891A0A}.Debug|x86.Deploy.0 = Debug|x86
		{2239F43B-C71A-4A73-B6E7-524FF6891A0A}.Release|Any CPU.ActiveCfg = Release|Any CPU
		{2239F43B-C71A-4A73-B6E7-524FF6891A0A}.Release|Any CPU.Build.0 = Release|Any CPU
		{2239F43B-C71A-4A73-B6E7-524FF6891A0A}.Release|Any CPU.Deploy.0 = Release|Any CPU
		{2239F43B-C71A-4A73-B6E7-524FF6891A0A}.Release|ARM.ActiveCfg = Release|ARM
		{2239F43B-C71A-4A73-B6E7-524FF6891A0A}.Release|ARM.Build.0 = Release|ARM
		{2239F43B-C71A-4A73-B6E7-524FF6891A0A}.Release|ARM.Deploy.0 = Release|ARM
		{2239F43B-C71A-4A73-B6E7-524FF6891A0A}.Release|iPhone.ActiveCfg = Release|Any CPU
		{2239F43B-C71A-4A73-B6E7-524FF6891A0A}.Release|iPhone.Build.0 = Release|Any CPU
		{2239F43B-C71A-4A73-B6E7-524FF6891A0A}.Release|iPhone.Deploy.0 = Release|Any CPU
		{2239F43B-C71A-4A73-B6E7-524FF6891A0A}.Release|iPhoneSimulator.ActiveCfg = Release|Any CPU
		{2239F43B-C71A-4A73-B6E7-524FF6891A0A}.Release|iPhoneSimulator.Build.0 = Release|Any CPU
		{2239F43B-C71A-4A73-B6E7-524FF6891A0A}.Release|iPhoneSimulator.Deploy.0 = Release|Any CPU
		{2239F43B-C71A-4A73-B6E7-524FF6891A0A}.Release|x64.ActiveCfg = Release|x64
		{2239F43B-C71A-4A73-B6E7-524FF6891A0A}.Release|x64.Build.0 = Release|x64
		{2239F43B-C71A-4A73-B6E7-524FF6891A0A}.Release|x64.Deploy.0 = Release|x64
		{2239F43B-C71A-4A73-B6E7-524FF6891A0A}.Release|x86.ActiveCfg = Release|x86
		{2239F43B-C71A-4A73-B6E7-524FF6891A0A}.Release|x86.Build.0 = Release|x86
		{2239F43B-C71A-4A73-B6E7-524FF6891A0A}.Release|x86.Deploy.0 = Release|x86
	EndGlobalSection
	GlobalSection(SolutionProperties) = preSolution
		HideSolutionNode = FALSE
	EndGlobalSection
EndGlobal
